
Microsoft Visual Studio Solution File, Format Version 12.00
# Visual Studio 14
VisualStudioVersion = 14.0.25420.1
MinimumVisualStudioVersion = 10.0.40219.1
Project("{FAE04EC0-301F-11D3-BF4B-00C04F79EFBC}") = "Sharpdown", "Sharpdown\Sharpdown.csproj", "{2E2A41C8-C2B1-4EFB-A82C-E0843D0DC06B}"
EndProject
Project("{FAE04EC0-301F-11D3-BF4B-00C04F79EFBC}") = "Sharpdown.Simple", "Sharpdown.Simple\Sharpdown.Simple.csproj", "{F5A14436-9B43-469D-B91A-16DFDDA6545D}"
EndProject
Project("{2150E333-8FDC-42A3-9474-1A3956D46DE8}") = "examples", "examples", "{CE33A0A7-21A3-46B0-A008-7EFEB25CA8DD}"
EndProject
Project("{FAE04EC0-301F-11D3-BF4B-00C04F79EFBC}") = "SimpleCQRS", "examples\SimpleCQRS\SimpleCQRS.csproj", "{DAFD2A8A-D6B0-4433-8DDF-B98460C64EC6}"
EndProject
Global
	GlobalSection(SolutionConfigurationPlatforms) = preSolution
		Debug|Any CPU = Debug|Any CPU
		Debug|x86 = Debug|x86
		Release|Any CPU = Release|Any CPU
		Release|x86 = Release|x86
	EndGlobalSection
	GlobalSection(ProjectConfigurationPlatforms) = postSolution
		{2E2A41C8-C2B1-4EFB-A82C-E0843D0DC06B}.Debug|Any CPU.ActiveCfg = Debug|Any CPU
		{2E2A41C8-C2B1-4EFB-A82C-E0843D0DC06B}.Debug|Any CPU.Build.0 = Debug|Any CPU
		{2E2A41C8-C2B1-4EFB-A82C-E0843D0DC06B}.Debug|x86.ActiveCfg = Debug|Any CPU
		{2E2A41C8-C2B1-4EFB-A82C-E0843D0DC06B}.Debug|x86.Build.0 = Debug|Any CPU
		{2E2A41C8-C2B1-4EFB-A82C-E0843D0DC06B}.Release|Any CPU.ActiveCfg = Release|Any CPU
		{2E2A41C8-C2B1-4EFB-A82C-E0843D0DC06B}.Release|Any CPU.Build.0 = Release|Any CPU
		{2E2A41C8-C2B1-4EFB-A82C-E0843D0DC06B}.Release|x86.ActiveCfg = Release|Any CPU
		{2E2A41C8-C2B1-4EFB-A82C-E0843D0DC06B}.Release|x86.Build.0 = Release|Any CPU
		{F5A14436-9B43-469D-B91A-16DFDDA6545D}.Debug|Any CPU.ActiveCfg = Debug|Any CPU
		{F5A14436-9B43-469D-B91A-16DFDDA6545D}.Debug|Any CPU.Build.0 = Debug|Any CPU
		{F5A14436-9B43-469D-B91A-16DFDDA6545D}.Debug|x86.ActiveCfg = Debug|Any CPU
		{F5A14436-9B43-469D-B91A-16DFDDA6545D}.Debug|x86.Build.0 = Debug|Any CPU
		{F5A14436-9B43-469D-B91A-16DFDDA6545D}.Release|Any CPU.ActiveCfg = Release|Any CPU
		{F5A14436-9B43-469D-B91A-16DFDDA6545D}.Release|Any CPU.Build.0 = Release|Any CPU
		{F5A14436-9B43-469D-B91A-16DFDDA6545D}.Release|x86.ActiveCfg = Release|Any CPU
		{F5A14436-9B43-469D-B91A-16DFDDA6545D}.Release|x86.Build.0 = Release|Any CPU
		{DAFD2A8A-D6B0-4433-8DDF-B98460C64EC6}.Debug|Any CPU.ActiveCfg = Debug|x86
		{DAFD2A8A-D6B0-4433-8DDF-B98460C64EC6}.Debug|x86.ActiveCfg = Debug|x86
		{DAFD2A8A-D6B0-4433-8DDF-B98460C64EC6}.Debug|x86.Build.0 = Debug|x86
		{DAFD2A8A-D6B0-4433-8DDF-B98460C64EC6}.Release|Any CPU.ActiveCfg = Release|x86
		{DAFD2A8A-D6B0-4433-8DDF-B98460C64EC6}.Release|x86.ActiveCfg = Release|x86
		{DAFD2A8A-D6B0-4433-8DDF-B98460C64EC6}.Release|x86.Build.0 = Release|x86
	EndGlobalSection
	GlobalSection(SolutionProperties) = preSolution
		HideSolutionNode = FALSE
	EndGlobalSection
	GlobalSection(NestedProjects) = preSolution
		{DAFD2A8A-D6B0-4433-8DDF-B98460C64EC6} = {CE33A0A7-21A3-46B0-A008-7EFEB25CA8DD}
	EndGlobalSection
EndGlobal
